
Microsoft Visual Studio Solution File, Format Version 11.00
# Visual Studio 2010
Project("{FAE04EC0-301F-11D3-BF4B-00C04F79EFBC}") = "CalculatorKata.Tests", "UnitTests\Calculator.Tests\CalculatorKata.Tests.csproj", "{6ECA59BE-6692-482D-A0FD-33D2006D3E4B}"
EndProject
Project("{FAE04EC0-301F-11D3-BF4B-00C04F79EFBC}") = "CalculatorKata", "CalculatorKata\CalculatorKata.csproj", "{22C391B4-8FDA-450C-BA48-7E8A0F6B40A9}"
EndProject
Global
	GlobalSection(SolutionConfigurationPlatforms) = preSolution
		Debug|Any CPU = Debug|Any CPU
		Release|Any CPU = Release|Any CPU
	EndGlobalSection
	GlobalSection(ProjectConfigurationPlatforms) = postSolution
		{6ECA59BE-6692-482D-A0FD-33D2006D3E4B}.Debug|Any CPU.ActiveCfg = Debug|Any CPU
		{6ECA59BE-6692-482D-A0FD-33D2006D3E4B}.Debug|Any CPU.Build.0 = Debug|Any CPU
		{6ECA59BE-6692-482D-A0FD-33D2006D3E4B}.Release|Any CPU.ActiveCfg = Release|Any CPU
		{6ECA59BE-6692-482D-A0FD-33D2006D3E4B}.Release|Any CPU.Build.0 = Release|Any CPU
		{22C391B4-8FDA-450C-BA48-7E8A0F6B40A9}.Debug|Any CPU.ActiveCfg = Debug|Any CPU
		{22C391B4-8FDA-450C-BA48-7E8A0F6B40A9}.Debug|Any CPU.Build.0 = Debug|Any CPU
		{22C391B4-8FDA-450C-BA48-7E8A0F6B40A9}.Release|Any CPU.ActiveCfg = Release|Any CPU
		{22C391B4-8FDA-450C-BA48-7E8A0F6B40A9}.Release|Any CPU.Build.0 = Release|Any CPU
	EndGlobalSection
	GlobalSection(SolutionProperties) = preSolution
		HideSolutionNode = FALSE
	EndGlobalSection
EndGlobal
